
Microsoft Visual Studio Solution File, Format Version 12.00
# Visual Studio 15
Project("{FAE04EC0-301F-11D3-BF4B-00C04F79EFBC}") = "ArcGISFormsApp.Android", "ArcGISFormsApp.Android\ArcGISFormsApp.Android.csproj", "{E2707E70-A33C-4117-90C8-84624276B82B}"
EndProject
Project("{FAE04EC0-301F-11D3-BF4B-00C04F79EFBC}") = "ArcGISFormsApp.iOS", "ArcGISFormsApp.iOS\ArcGISFormsApp.iOS.csproj", "{733C0479-1BA8-4DDF-BC7D-7AF769EE8B68}"
EndProject
Project("{FAE04EC0-301F-11D3-BF4B-00C04F79EFBC}") = "ArcGISFormsApp", "ArcGISFormsApp\ArcGISFormsApp.csproj", "{D7779E33-B7CC-4177-8E85-BDF88C2F7A09}"
EndProject
Global
	GlobalSection(SolutionConfigurationPlatforms) = preSolution
		Debug|Any CPU = Debug|Any CPU
		Release|Any CPU = Release|Any CPU
		Debug|iPhoneSimulator = Debug|iPhoneSimulator
		Release|iPhoneSimulator = Release|iPhoneSimulator
		Debug|iPhone = Debug|iPhone
		Release|iPhone = Release|iPhone
	EndGlobalSection
	GlobalSection(ProjectConfigurationPlatforms) = postSolution
		{E2707E70-A33C-4117-90C8-84624276B82B}.Debug|Any CPU.ActiveCfg = Debug|Any CPU
		{E2707E70-A33C-4117-90C8-84624276B82B}.Debug|Any CPU.Build.0 = Debug|Any CPU
		{E2707E70-A33C-4117-90C8-84624276B82B}.Release|Any CPU.ActiveCfg = Release|Any CPU
		{E2707E70-A33C-4117-90C8-84624276B82B}.Release|Any CPU.Build.0 = Release|Any CPU
		{E2707E70-A33C-4117-90C8-84624276B82B}.Debug|iPhoneSimulator.ActiveCfg = Debug|Any CPU
		{E2707E70-A33C-4117-90C8-84624276B82B}.Debug|iPhoneSimulator.Build.0 = Debug|Any CPU
		{E2707E70-A33C-4117-90C8-84624276B82B}.Release|iPhoneSimulator.ActiveCfg = Release|Any CPU
		{E2707E70-A33C-4117-90C8-84624276B82B}.Release|iPhoneSimulator.Build.0 = Release|Any CPU
		{E2707E70-A33C-4117-90C8-84624276B82B}.Debug|iPhone.ActiveCfg = Debug|Any CPU
		{E2707E70-A33C-4117-90C8-84624276B82B}.Debug|iPhone.Build.0 = Debug|Any CPU
		{E2707E70-A33C-4117-90C8-84624276B82B}.Release|iPhone.ActiveCfg = Release|Any CPU
		{E2707E70-A33C-4117-90C8-84624276B82B}.Release|iPhone.Build.0 = Release|Any CPU
		{733C0479-1BA8-4DDF-BC7D-7AF769EE8B68}.Debug|Any CPU.ActiveCfg = Debug|iPhoneSimulator
		{733C0479-1BA8-4DDF-BC7D-7AF769EE8B68}.Debug|Any CPU.Build.0 = Debug|iPhoneSimulator
		{733C0479-1BA8-4DDF-BC7D-7AF769EE8B68}.Release|Any CPU.ActiveCfg = Release|iPhoneSimulator
		{733C0479-1BA8-4DDF-BC7D-7AF769EE8B68}.Release|Any CPU.Build.0 = Release|iPhoneSimulator
		{733C0479-1BA8-4DDF-BC7D-7AF769EE8B68}.Debug|iPhoneSimulator.ActiveCfg = Debug|iPhoneSimulator
		{733C0479-1BA8-4DDF-BC7D-7AF769EE8B68}.Debug|iPhoneSimulator.Build.0 = Debug|iPhoneSimulator
		{733C0479-1BA8-4DDF-BC7D-7AF769EE8B68}.Release|iPhoneSimulator.ActiveCfg = Release|iPhoneSimulator
		{733C0479-1BA8-4DDF-BC7D-7AF769EE8B68}.Release|iPhoneSimulator.Build.0 = Release|iPhoneSimulator
		{733C0479-1BA8-4DDF-BC7D-7AF769EE8B68}.Debug|iPhone.ActiveCfg = Debug|iPhone
		{733C0479-1BA8-4DDF-BC7D-7AF769EE8B68}.Debug|iPhone.Build.0 = Debug|iPhone
		{733C0479-1BA8-4DDF-BC7D-7AF769EE8B68}.Release|iPhone.ActiveCfg = Release|iPhone
		{733C0479-1BA8-4DDF-BC7D-7AF769EE8B68}.Release|iPhone.Build.0 = Release|iPhone
		{D7779E33-B7CC-4177-8E85-BDF88C2F7A09}.Debug|Any CPU.ActiveCfg = Debug|Any CPU
		{D7779E33-B7CC-4177-8E85-BDF88C2F7A09}.Debug|Any CPU.Build.0 = Debug|Any CPU
		{D7779E33-B7CC-4177-8E85-BDF88C2F7A09}.Release|Any CPU.ActiveCfg = Release|Any CPU
		{D7779E33-B7CC-4177-8E85-BDF88C2F7A09}.Release|Any CPU.Build.0 = Release|Any CPU
		{D7779E33-B7CC-4177-8E85-BDF88C2F7A09}.Debug|iPhoneSimulator.ActiveCfg = Debug|Any CPU
		{D7779E33-B7CC-4177-8E85-BDF88C2F7A09}.Debug|iPhoneSimulator.Build.0 = Debug|Any CPU
		{D7779E33-B7CC-4177-8E85-BDF88C2F7A09}.Release|iPhoneSimulator.ActiveCfg = Release|Any CPU
		{D7779E33-B7CC-4177-8E85-BDF88C2F7A09}.Release|iPhoneSimulator.Build.0 = Release|Any CPU
		{D7779E33-B7CC-4177-8E85-BDF88C2F7A09}.Debug|iPhone.ActiveCfg = Debug|Any CPU
		{D7779E33-B7CC-4177-8E85-BDF88C2F7A09}.Debug|iPhone.Build.0 = Debug|Any CPU
		{D7779E33-B7CC-4177-8E85-BDF88C2F7A09}.Release|iPhone.ActiveCfg = Release|Any CPU
		{D7779E33-B7CC-4177-8E85-BDF88C2F7A09}.Release|iPhone.Build.0 = Release|Any CPU
	EndGlobalSection
EndGlobal
